
Microsoft Visual Studio Solution File, Format Version 12.00
Project("{FAE04EC0-301F-11D3-BF4B-00C04F79EFBC}") = "Bkdn.Website", "Bkdn.Website\Bkdn.Website.csproj", "{9B32B8D6-174C-45F0-8C42-792DCB5E2E0C}"
EndProject
Project("{FAE04EC0-301F-11D3-BF4B-00C04F79EFBC}") = "DataModels", "DataModels\DataModels.csproj", "{738E5742-1C59-4C7E-BC4B-FC9943C4A78D}"
EndProject
Project("{FAE04EC0-301F-11D3-BF4B-00C04F79EFBC}") = "BusinessLogic", "BusinessLogic\BusinessLogic.csproj", "{DFF77E56-9032-48BB-A41E-C43EEAA6FD30}"
EndProject
Global
	GlobalSection(SolutionConfigurationPlatforms) = preSolution
		Debug|Any CPU = Debug|Any CPU
		Release|Any CPU = Release|Any CPU
	EndGlobalSection
	GlobalSection(ProjectConfigurationPlatforms) = postSolution
		{9B32B8D6-174C-45F0-8C42-792DCB5E2E0C}.Debug|Any CPU.ActiveCfg = Debug|Any CPU
		{9B32B8D6-174C-45F0-8C42-792DCB5E2E0C}.Debug|Any CPU.Build.0 = Debug|Any CPU
		{9B32B8D6-174C-45F0-8C42-792DCB5E2E0C}.Release|Any CPU.ActiveCfg = Release|Any CPU
		{9B32B8D6-174C-45F0-8C42-792DCB5E2E0C}.Release|Any CPU.Build.0 = Release|Any CPU
		{738E5742-1C59-4C7E-BC4B-FC9943C4A78D}.Debug|Any CPU.ActiveCfg = Debug|Any CPU
		{738E5742-1C59-4C7E-BC4B-FC9943C4A78D}.Debug|Any CPU.Build.0 = Debug|Any CPU
		{738E5742-1C59-4C7E-BC4B-FC9943C4A78D}.Release|Any CPU.ActiveCfg = Release|Any CPU
		{738E5742-1C59-4C7E-BC4B-FC9943C4A78D}.Release|Any CPU.Build.0 = Release|Any CPU
		{DFF77E56-9032-48BB-A41E-C43EEAA6FD30}.Debug|Any CPU.ActiveCfg = Debug|Any CPU
		{DFF77E56-9032-48BB-A41E-C43EEAA6FD30}.Debug|Any CPU.Build.0 = Debug|Any CPU
		{DFF77E56-9032-48BB-A41E-C43EEAA6FD30}.Release|Any CPU.ActiveCfg = Release|Any CPU
		{DFF77E56-9032-48BB-A41E-C43EEAA6FD30}.Release|Any CPU.Build.0 = Release|Any CPU
	EndGlobalSection
EndGlobal
